
Microsoft Visual Studio Solution File, Format Version 12.00
# Visual Studio 14
VisualStudioVersion = 14.0.25420.1
MinimumVisualStudioVersion = 10.0.40219.1
Project("{FAE04EC0-301F-11D3-BF4B-00C04F79EFBC}") = "ESocket", "ESocketModule\ESocket.csproj", "{CD1688A0-B0B8-4375-8939-B2F4FFABEDE3}"
EndProject
Project("{F088123C-0E9E-452A-89E6-6BA2F21D5CAC}") = "ESocketDll", "ESocketDll\ESocketDll.modelproj", "{B77EC38A-E434-44D4-A96B-08CFBA94396D}"
EndProject
Project("{FAE04EC0-301F-11D3-BF4B-00C04F79EFBC}") = "ESocket(Code)", "ESocket(Code)\ESocket(Code).csproj", "{C253DC82-988D-4902-A84E-64D4CD359325}"
EndProject
Project("{FAE04EC0-301F-11D3-BF4B-00C04F79EFBC}") = "ESocket(WinForm)", "ESocket(WinForm)\ESocket(WinForm).csproj", "{93C549B0-56EF-4FB1-AB1B-49A00EFE9956}"
EndProject
Project("{FAE04EC0-301F-11D3-BF4B-00C04F79EFBC}") = "ConsoleApp", "ConsoleApp\ConsoleApp.csproj", "{254AFF36-363F-40C7-B211-6BEBF004AEB6}"
EndProject
Global
	GlobalSection(SolutionConfigurationPlatforms) = preSolution
		Debug|Any CPU = Debug|Any CPU
		Debug|ARM = Debug|ARM
		Debug|x64 = Debug|x64
		Debug|x86 = Debug|x86
		Release|Any CPU = Release|Any CPU
		Release|ARM = Release|ARM
		Release|x64 = Release|x64
		Release|x86 = Release|x86
	EndGlobalSection
	GlobalSection(ProjectConfigurationPlatforms) = postSolution
		{CD1688A0-B0B8-4375-8939-B2F4FFABEDE3}.Debug|Any CPU.ActiveCfg = Debug|Any CPU
		{CD1688A0-B0B8-4375-8939-B2F4FFABEDE3}.Debug|Any CPU.Build.0 = Debug|Any CPU
		{CD1688A0-B0B8-4375-8939-B2F4FFABEDE3}.Debug|ARM.ActiveCfg = Debug|ARM
		{CD1688A0-B0B8-4375-8939-B2F4FFABEDE3}.Debug|ARM.Build.0 = Debug|ARM
		{CD1688A0-B0B8-4375-8939-B2F4FFABEDE3}.Debug|x64.ActiveCfg = Debug|x64
		{CD1688A0-B0B8-4375-8939-B2F4FFABEDE3}.Debug|x64.Build.0 = Debug|x64
		{CD1688A0-B0B8-4375-8939-B2F4FFABEDE3}.Debug|x86.ActiveCfg = Debug|x86
		{CD1688A0-B0B8-4375-8939-B2F4FFABEDE3}.Debug|x86.Build.0 = Debug|x86
		{CD1688A0-B0B8-4375-8939-B2F4FFABEDE3}.Release|Any CPU.ActiveCfg = Release|Any CPU
		{CD1688A0-B0B8-4375-8939-B2F4FFABEDE3}.Release|Any CPU.Build.0 = Release|Any CPU
		{CD1688A0-B0B8-4375-8939-B2F4FFABEDE3}.Release|ARM.ActiveCfg = Release|ARM
		{CD1688A0-B0B8-4375-8939-B2F4FFABEDE3}.Release|ARM.Build.0 = Release|ARM
		{CD1688A0-B0B8-4375-8939-B2F4FFABEDE3}.Release|x64.ActiveCfg = Release|x64
		{CD1688A0-B0B8-4375-8939-B2F4FFABEDE3}.Release|x64.Build.0 = Release|x64
		{CD1688A0-B0B8-4375-8939-B2F4FFABEDE3}.Release|x86.ActiveCfg = Release|x86
		{CD1688A0-B0B8-4375-8939-B2F4FFABEDE3}.Release|x86.Build.0 = Release|x86
		{B77EC38A-E434-44D4-A96B-08CFBA94396D}.Debug|Any CPU.ActiveCfg = Debug|Any CPU
		{B77EC38A-E434-44D4-A96B-08CFBA94396D}.Debug|Any CPU.Build.0 = Debug|Any CPU
		{B77EC38A-E434-44D4-A96B-08CFBA94396D}.Debug|ARM.ActiveCfg = Debug|Any CPU
		{B77EC38A-E434-44D4-A96B-08CFBA94396D}.Debug|ARM.Build.0 = Debug|Any CPU
		{B77EC38A-E434-44D4-A96B-08CFBA94396D}.Debug|x64.ActiveCfg = Debug|Any CPU
		{B77EC38A-E434-44D4-A96B-08CFBA94396D}.Debug|x64.Build.0 = Debug|Any CPU
		{B77EC38A-E434-44D4-A96B-08CFBA94396D}.Debug|x86.ActiveCfg = Debug|Any CPU
		{B77EC38A-E434-44D4-A96B-08CFBA94396D}.Debug|x86.Build.0 = Debug|Any CPU
		{B77EC38A-E434-44D4-A96B-08CFBA94396D}.Release|Any CPU.ActiveCfg = Release|Any CPU
		{B77EC38A-E434-44D4-A96B-08CFBA94396D}.Release|Any CPU.Build.0 = Release|Any CPU
		{B77EC38A-E434-44D4-A96B-08CFBA94396D}.Release|ARM.ActiveCfg = Release|Any CPU
		{B77EC38A-E434-44D4-A96B-08CFBA94396D}.Release|ARM.Build.0 = Release|Any CPU
		{B77EC38A-E434-44D4-A96B-08CFBA94396D}.Release|x64.ActiveCfg = Release|Any CPU
		{B77EC38A-E434-44D4-A96B-08CFBA94396D}.Release|x64.Build.0 = Release|Any CPU
		{B77EC38A-E434-44D4-A96B-08CFBA94396D}.Release|x86.ActiveCfg = Release|Any CPU
		{B77EC38A-E434-44D4-A96B-08CFBA94396D}.Release|x86.Build.0 = Release|Any CPU
		{C253DC82-988D-4902-A84E-64D4CD359325}.Debug|Any CPU.ActiveCfg = Debug|Any CPU
		{C253DC82-988D-4902-A84E-64D4CD359325}.Debug|Any CPU.Build.0 = Debug|Any CPU
		{C253DC82-988D-4902-A84E-64D4CD359325}.Debug|ARM.ActiveCfg = Debug|Any CPU
		{C253DC82-988D-4902-A84E-64D4CD359325}.Debug|ARM.Build.0 = Debug|Any CPU
		{C253DC82-988D-4902-A84E-64D4CD359325}.Debug|x64.ActiveCfg = Debug|Any CPU
		{C253DC82-988D-4902-A84E-64D4CD359325}.Debug|x64.Build.0 = Debug|Any CPU
		{C253DC82-988D-4902-A84E-64D4CD359325}.Debug|x86.ActiveCfg = Debug|Any CPU
		{C253DC82-988D-4902-A84E-64D4CD359325}.Debug|x86.Build.0 = Debug|Any CPU
		{C253DC82-988D-4902-A84E-64D4CD359325}.Release|Any CPU.ActiveCfg = Release|Any CPU
		{C253DC82-988D-4902-A84E-64D4CD359325}.Release|Any CPU.Build.0 = Release|Any CPU
		{C253DC82-988D-4902-A84E-64D4CD359325}.Release|ARM.ActiveCfg = Release|Any CPU
		{C253DC82-988D-4902-A84E-64D4CD359325}.Release|ARM.Build.0 = Release|Any CPU
		{C253DC82-988D-4902-A84E-64D4CD359325}.Release|x64.ActiveCfg = Release|Any CPU
		{C253DC82-988D-4902-A84E-64D4CD359325}.Release|x64.Build.0 = Release|Any CPU
		{C253DC82-988D-4902-A84E-64D4CD359325}.Release|x86.ActiveCfg = Release|Any CPU
		{C253DC82-988D-4902-A84E-64D4CD359325}.Release|x86.Build.0 = Release|Any CPU
		{93C549B0-56EF-4FB1-AB1B-49A00EFE9956}.Debug|Any CPU.ActiveCfg = Debug|Any CPU
		{93C549B0-56EF-4FB1-AB1B-49A00EFE9956}.Debug|Any CPU.Build.0 = Debug|Any CPU
		{93C549B0-56EF-4FB1-AB1B-49A00EFE9956}.Debug|ARM.ActiveCfg = Debug|Any CPU
		{93C549B0-56EF-4FB1-AB1B-49A00EFE9956}.Debug|ARM.Build.0 = Debug|Any CPU
		{93C549B0-56EF-4FB1-AB1B-49A00EFE9956}.Debug|x64.ActiveCfg = Debug|Any CPU
		{93C549B0-56EF-4FB1-AB1B-49A00EFE9956}.Debug|x64.Build.0 = Debug|Any CPU
		{93C549B0-56EF-4FB1-AB1B-49A00EFE9956}.Debug|x86.ActiveCfg = Debug|Any CPU
		{93C549B0-56EF-4FB1-AB1B-49A00EFE9956}.Debug|x86.Build.0 = Debug|Any CPU
		{93C549B0-56EF-4FB1-AB1B-49A00EFE9956}.Release|Any CPU.ActiveCfg = Release|Any CPU
		{93C549B0-56EF-4FB1-AB1B-49A00EFE9956}.Release|Any CPU.Build.0 = Release|Any CPU
		{93C549B0-56EF-4FB1-AB1B-49A00EFE9956}.Release|ARM.ActiveCfg = Release|Any CPU
		{93C549B0-56EF-4FB1-AB1B-49A00EFE9956}.Release|ARM.Build.0 = Release|Any CPU
		{93C549B0-56EF-4FB1-AB1B-49A00EFE9956}.Release|x64.ActiveCfg = Release|Any CPU
		{93C549B0-56EF-4FB1-AB1B-49A00EFE9956}.Release|x64.Build.0 = Release|Any CPU
		{93C549B0-56EF-4FB1-AB1B-49A00EFE9956}.Release|x86.ActiveCfg = Release|Any CPU
		{93C549B0-56EF-4FB1-AB1B-49A00EFE9956}.Release|x86.Build.0 = Release|Any CPU
		{254AFF36-363F-40C7-B211-6BEBF004AEB6}.Debug|Any CPU.ActiveCfg = Debug|Any CPU
		{254AFF36-363F-40C7-B211-6BEBF004AEB6}.Debug|Any CPU.Build.0 = Debug|Any CPU
		{254AFF36-363F-40C7-B211-6BEBF004AEB6}.Debug|ARM.ActiveCfg = Debug|Any CPU
		{254AFF36-363F-40C7-B211-6BEBF004AEB6}.Debug|ARM.Build.0 = Debug|Any CPU
		{254AFF36-363F-40C7-B211-6BEBF004AEB6}.Debug|x64.ActiveCfg = Debug|Any CPU
		{254AFF36-363F-40C7-B211-6BEBF004AEB6}.Debug|x64.Build.0 = Debug|Any CPU
		{254AFF36-363F-40C7-B211-6BEBF004AEB6}.Debug|x86.ActiveCfg = Debug|Any CPU
		{254AFF36-363F-40C7-B211-6BEBF004AEB6}.Debug|x86.Build.0 = Debug|Any CPU
		{254AFF36-363F-40C7-B211-6BEBF004AEB6}.Release|Any CPU.ActiveCfg = Release|Any CPU
		{254AFF36-363F-40C7-B211-6BEBF004AEB6}.Release|Any CPU.Build.0 = Release|Any CPU
		{254AFF36-363F-40C7-B211-6BEBF004AEB6}.Release|ARM.ActiveCfg = Release|Any CPU
		{254AFF36-363F-40C7-B211-6BEBF004AEB6}.Release|ARM.Build.0 = Release|Any CPU
		{254AFF36-363F-40C7-B211-6BEBF004AEB6}.Release|x64.ActiveCfg = Release|Any CPU
		{254AFF36-363F-40C7-B211-6BEBF004AEB6}.Release|x64.Build.0 = Release|Any CPU
		{254AFF36-363F-40C7-B211-6BEBF004AEB6}.Release|x86.ActiveCfg = Release|Any CPU
		{254AFF36-363F-40C7-B211-6BEBF004AEB6}.Release|x86.Build.0 = Release|Any CPU
	EndGlobalSection
	GlobalSection(SolutionProperties) = preSolution
		HideSolutionNode = FALSE
	EndGlobalSection
EndGlobal
